
Microsoft Visual Studio Solution File, Format Version 12.00
# Visual Studio Version 17
VisualStudioVersion = 17.4.33122.133
MinimumVisualStudioVersion = 10.0.40219.1
Project("{9A19103F-16F7-4668-BE54-9A1E7A4F7556}") = "ProjectPOO.Forms", "ProjectPOO.Forms\ProjectPOO.Forms.csproj", "{E8023D7E-C4EC-4D22-A15D-B4BF54AA5132}"
EndProject
Project("{9A19103F-16F7-4668-BE54-9A1E7A4F7556}") = "ProjectPOO.Models", "ProjectPOO.Models\ProjectPOO.Models.csproj", "{6DA58A47-F19F-4C30-BCFF-B296922AA619}"
EndProject
Project("{9A19103F-16F7-4668-BE54-9A1E7A4F7556}") = "ProjectPOO.Enums", "ProjectPOO.Enums\ProjectPOO.Enums.csproj", "{37E0D591-36DE-466A-A969-17556746242F}"
EndProject
Project("{9A19103F-16F7-4668-BE54-9A1E7A4F7556}") = "ProjectPOO.Exceptions", "ProjectPOO.Exceptions\ProjectPOO.Exceptions.csproj", "{427B9EDF-DD04-42BF-8B43-843D964CDA44}"
EndProject
Project("{9A19103F-16F7-4668-BE54-9A1E7A4F7556}") = "ProjectPOO.Data", "ProjectPOO.Data\ProjectPOO.Data.csproj", "{B1A3F432-BDD2-4122-A8F8-0870A9ADE2FE}"
EndProject
Global
	GlobalSection(SolutionConfigurationPlatforms) = preSolution
		Debug|Any CPU = Debug|Any CPU
		Release|Any CPU = Release|Any CPU
	EndGlobalSection
	GlobalSection(ProjectConfigurationPlatforms) = postSolution
		{E8023D7E-C4EC-4D22-A15D-B4BF54AA5132}.Debug|Any CPU.ActiveCfg = Debug|Any CPU
		{E8023D7E-C4EC-4D22-A15D-B4BF54AA5132}.Debug|Any CPU.Build.0 = Debug|Any CPU
		{E8023D7E-C4EC-4D22-A15D-B4BF54AA5132}.Release|Any CPU.ActiveCfg = Release|Any CPU
		{E8023D7E-C4EC-4D22-A15D-B4BF54AA5132}.Release|Any CPU.Build.0 = Release|Any CPU
		{6DA58A47-F19F-4C30-BCFF-B296922AA619}.Debug|Any CPU.ActiveCfg = Debug|Any CPU
		{6DA58A47-F19F-4C30-BCFF-B296922AA619}.Debug|Any CPU.Build.0 = Debug|Any CPU
		{6DA58A47-F19F-4C30-BCFF-B296922AA619}.Release|Any CPU.ActiveCfg = Release|Any CPU
		{6DA58A47-F19F-4C30-BCFF-B296922AA619}.Release|Any CPU.Build.0 = Release|Any CPU
		{37E0D591-36DE-466A-A969-17556746242F}.Debug|Any CPU.ActiveCfg = Debug|Any CPU
		{37E0D591-36DE-466A-A969-17556746242F}.Debug|Any CPU.Build.0 = Debug|Any CPU
		{37E0D591-36DE-466A-A969-17556746242F}.Release|Any CPU.ActiveCfg = Release|Any CPU
		{37E0D591-36DE-466A-A969-17556746242F}.Release|Any CPU.Build.0 = Release|Any CPU
		{427B9EDF-DD04-42BF-8B43-843D964CDA44}.Debug|Any CPU.ActiveCfg = Debug|Any CPU
		{427B9EDF-DD04-42BF-8B43-843D964CDA44}.Debug|Any CPU.Build.0 = Debug|Any CPU
		{427B9EDF-DD04-42BF-8B43-843D964CDA44}.Release|Any CPU.ActiveCfg = Release|Any CPU
		{427B9EDF-DD04-42BF-8B43-843D964CDA44}.Release|Any CPU.Build.0 = Release|Any CPU
		{B1A3F432-BDD2-4122-A8F8-0870A9ADE2FE}.Debug|Any CPU.ActiveCfg = Debug|Any CPU
		{B1A3F432-BDD2-4122-A8F8-0870A9ADE2FE}.Debug|Any CPU.Build.0 = Debug|Any CPU
		{B1A3F432-BDD2-4122-A8F8-0870A9ADE2FE}.Release|Any CPU.ActiveCfg = Release|Any CPU
		{B1A3F432-BDD2-4122-A8F8-0870A9ADE2FE}.Release|Any CPU.Build.0 = Release|Any CPU
	EndGlobalSection
	GlobalSection(SolutionProperties) = preSolution
		HideSolutionNode = FALSE
	EndGlobalSection
	GlobalSection(ExtensibilityGlobals) = postSolution
		SolutionGuid = {6CBFEDCE-B24B-40A1-8BF1-2E1ED957C1C4}
	EndGlobalSection
EndGlobal
