
Microsoft Visual Studio Solution File, Format Version 12.00
# Visual Studio Version 17
VisualStudioVersion = 17.4.33122.133
MinimumVisualStudioVersion = 10.0.40219.1
Project("{FAE04EC0-301F-11D3-BF4B-00C04F79EFBC}") = "WinFormsApp1", "WinFormsApp1\WinFormsApp1.csproj", "{E8023D7E-C4EC-4D22-A15D-B4BF54AA5132}"
EndProject
Global
	GlobalSection(SolutionConfigurationPlatforms) = preSolution
		Debug|Any CPU = Debug|Any CPU
		Release|Any CPU = Release|Any CPU
	EndGlobalSection
	GlobalSection(ProjectConfigurationPlatforms) = postSolution
		{E8023D7E-C4EC-4D22-A15D-B4BF54AA5132}.Debug|Any CPU.ActiveCfg = Debug|Any CPU
		{E8023D7E-C4EC-4D22-A15D-B4BF54AA5132}.Debug|Any CPU.Build.0 = Debug|Any CPU
		{E8023D7E-C4EC-4D22-A15D-B4BF54AA5132}.Release|Any CPU.ActiveCfg = Release|Any CPU
		{E8023D7E-C4EC-4D22-A15D-B4BF54AA5132}.Release|Any CPU.Build.0 = Release|Any CPU
	EndGlobalSection
	GlobalSection(SolutionProperties) = preSolution
		HideSolutionNode = FALSE
	EndGlobalSection
	GlobalSection(ExtensibilityGlobals) = postSolution
		SolutionGuid = {6CBFEDCE-B24B-40A1-8BF1-2E1ED957C1C4}
	EndGlobalSection
EndGlobal
